
Microsoft Visual Studio Solution File, Format Version 12.00
# Visual Studio Version 16
VisualStudioVersion = 16.0.30204.135
MinimumVisualStudioVersion = 10.0.40219.1
Project("{FAE04EC0-301F-11D3-BF4B-00C04F79EFBC}") = "methodsPractice", "methodsPractice\methodsPractice.csproj", "{D5A8909B-A26F-425B-8E5A-A8FA3A9B31FB}"
EndProject
Global
	GlobalSection(SolutionConfigurationPlatforms) = preSolution
		Debug|Any CPU = Debug|Any CPU
		Release|Any CPU = Release|Any CPU
	EndGlobalSection
	GlobalSection(ProjectConfigurationPlatforms) = postSolution
		{D5A8909B-A26F-425B-8E5A-A8FA3A9B31FB}.Debug|Any CPU.ActiveCfg = Debug|Any CPU
		{D5A8909B-A26F-425B-8E5A-A8FA3A9B31FB}.Debug|Any CPU.Build.0 = Debug|Any CPU
		{D5A8909B-A26F-425B-8E5A-A8FA3A9B31FB}.Release|Any CPU.ActiveCfg = Release|Any CPU
		{D5A8909B-A26F-425B-8E5A-A8FA3A9B31FB}.Release|Any CPU.Build.0 = Release|Any CPU
	EndGlobalSection
	GlobalSection(SolutionProperties) = preSolution
		HideSolutionNode = FALSE
	EndGlobalSection
	GlobalSection(ExtensibilityGlobals) = postSolution
		SolutionGuid = {D8BCAC08-5D78-4071-AD08-35895A03E1AE}
	EndGlobalSection
EndGlobal
